
Microsoft Visual Studio Solution File, Format Version 12.00
# Visual Studio Version 16
VisualStudioVersion = 16.0.32126.315
MinimumVisualStudioVersion = 10.0.40219.1
Project("{FAE04EC0-301F-11D3-BF4B-00C04F79EFBC}") = "EmployeePayrollMVC", "EmployeePayrollMVC.csproj", "{02020E87-7C3F-4C64-A05F-655FC3F1BD3B}"
EndProject
Project("{FAE04EC0-301F-11D3-BF4B-00C04F79EFBC}") = "CommonLayer", "..\CommonLayer\CommonLayer.csproj", "{D5D32C04-F282-430A-8A2B-C6B11FD903CC}"
EndProject
Project("{FAE04EC0-301F-11D3-BF4B-00C04F79EFBC}") = "BusinessLayer", "..\BusinessLayer\BusinessLayer.csproj", "{E04C6AD2-AB92-4C43-A568-F7BF77BCB452}"
EndProject
Project("{FAE04EC0-301F-11D3-BF4B-00C04F79EFBC}") = "RepositoryLayer", "..\RepositoryLayer\RepositoryLayer.csproj", "{86082874-B8D0-4D10-A544-06356038CC65}"
EndProject
Global
	GlobalSection(SolutionConfigurationPlatforms) = preSolution
		Debug|Any CPU = Debug|Any CPU
		Release|Any CPU = Release|Any CPU
	EndGlobalSection
	GlobalSection(ProjectConfigurationPlatforms) = postSolution
		{02020E87-7C3F-4C64-A05F-655FC3F1BD3B}.Debug|Any CPU.ActiveCfg = Debug|Any CPU
		{02020E87-7C3F-4C64-A05F-655FC3F1BD3B}.Debug|Any CPU.Build.0 = Debug|Any CPU
		{02020E87-7C3F-4C64-A05F-655FC3F1BD3B}.Release|Any CPU.ActiveCfg = Release|Any CPU
		{02020E87-7C3F-4C64-A05F-655FC3F1BD3B}.Release|Any CPU.Build.0 = Release|Any CPU
		{D5D32C04-F282-430A-8A2B-C6B11FD903CC}.Debug|Any CPU.ActiveCfg = Debug|Any CPU
		{D5D32C04-F282-430A-8A2B-C6B11FD903CC}.Debug|Any CPU.Build.0 = Debug|Any CPU
		{D5D32C04-F282-430A-8A2B-C6B11FD903CC}.Release|Any CPU.ActiveCfg = Release|Any CPU
		{D5D32C04-F282-430A-8A2B-C6B11FD903CC}.Release|Any CPU.Build.0 = Release|Any CPU
		{E04C6AD2-AB92-4C43-A568-F7BF77BCB452}.Debug|Any CPU.ActiveCfg = Debug|Any CPU
		{E04C6AD2-AB92-4C43-A568-F7BF77BCB452}.Debug|Any CPU.Build.0 = Debug|Any CPU
		{E04C6AD2-AB92-4C43-A568-F7BF77BCB452}.Release|Any CPU.ActiveCfg = Release|Any CPU
		{E04C6AD2-AB92-4C43-A568-F7BF77BCB452}.Release|Any CPU.Build.0 = Release|Any CPU
		{86082874-B8D0-4D10-A544-06356038CC65}.Debug|Any CPU.ActiveCfg = Debug|Any CPU
		{86082874-B8D0-4D10-A544-06356038CC65}.Debug|Any CPU.Build.0 = Debug|Any CPU
		{86082874-B8D0-4D10-A544-06356038CC65}.Release|Any CPU.ActiveCfg = Release|Any CPU
		{86082874-B8D0-4D10-A544-06356038CC65}.Release|Any CPU.Build.0 = Release|Any CPU
	EndGlobalSection
	GlobalSection(SolutionProperties) = preSolution
		HideSolutionNode = FALSE
	EndGlobalSection
	GlobalSection(ExtensibilityGlobals) = postSolution
		SolutionGuid = {A9220AC9-B7E7-4726-A939-F691D9C2510E}
	EndGlobalSection
EndGlobal
